
Microsoft Visual Studio Solution File, Format Version 12.00
# Visual Studio Version 16
VisualStudioVersion = 16.0.31605.320
MinimumVisualStudioVersion = 10.0.40219.1
Project("{FAE04EC0-301F-11D3-BF4B-00C04F79EFBC}") = "EvidencePracticeSDS_ODS", "EvidencePracticeSDS_ODS.csproj", "{636661CA-0D76-401F-9667-9A6BF67DC670}"
EndProject
Global
	GlobalSection(SolutionConfigurationPlatforms) = preSolution
		Debug|Any CPU = Debug|Any CPU
		Release|Any CPU = Release|Any CPU
	EndGlobalSection
	GlobalSection(ProjectConfigurationPlatforms) = postSolution
		{636661CA-0D76-401F-9667-9A6BF67DC670}.Debug|Any CPU.ActiveCfg = Debug|Any CPU
		{636661CA-0D76-401F-9667-9A6BF67DC670}.Debug|Any CPU.Build.0 = Debug|Any CPU
		{636661CA-0D76-401F-9667-9A6BF67DC670}.Release|Any CPU.ActiveCfg = Release|Any CPU
		{636661CA-0D76-401F-9667-9A6BF67DC670}.Release|Any CPU.Build.0 = Release|Any CPU
	EndGlobalSection
	GlobalSection(SolutionProperties) = preSolution
		HideSolutionNode = FALSE
	EndGlobalSection
	GlobalSection(ExtensibilityGlobals) = postSolution
		SolutionGuid = {BBF0E6E8-9D93-4AE3-A2A5-5CEC4B98A3FB}
	EndGlobalSection
EndGlobal
